
Microsoft Visual Studio Solution File, Format Version 12.00
# Visual Studio 2012
Project("{2150E333-8FDC-42A3-9474-1A3956D46DE8}") = ".nuget", ".nuget", "{6E98F21F-D1E7-4B48-8C6E-A2D524E00978}"
	ProjectSection(SolutionItems) = preProject
		.nuget\NuGet.Config = .nuget\NuGet.Config
		.nuget\NuGet.exe = .nuget\NuGet.exe
		.nuget\NuGet.targets = .nuget\NuGet.targets
	EndProjectSection
EndProject
Project("{FAE04EC0-301F-11D3-BF4B-00C04F79EFBC}") = "MvcFlash.Core", "MvcFlash.Core\MvcFlash.Core.csproj", "{A19C1EEB-613D-4732-889C-7A685728BF01}"
EndProject
Project("{FAE04EC0-301F-11D3-BF4B-00C04F79EFBC}") = "MvcFlash.Tests", "MvcFlash.Tests\MvcFlash.Tests.csproj", "{60BA4900-4E72-4417-B633-D173468A3DFA}"
EndProject
Project("{2150E333-8FDC-42A3-9474-1A3956D46DE8}") = ".solution", ".solution", "{430AD7A6-69AE-4F09-B2C5-30E8EDB293F9}"
	ProjectSection(SolutionItems) = preProject
		AssemblyInfo.cs = AssemblyInfo.cs
	EndProjectSection
EndProject
Project("{FAE04EC0-301F-11D3-BF4B-00C04F79EFBC}") = "MvcFlash.Sample", "MvcFlash.Sample\MvcFlash.Sample.csproj", "{B4F33662-EFE9-46BB-AB02-8E1E549D1308}"
EndProject
Global
	GlobalSection(SolutionConfigurationPlatforms) = preSolution
		Debug|Any CPU = Debug|Any CPU
		Release|Any CPU = Release|Any CPU
	EndGlobalSection
	GlobalSection(ProjectConfigurationPlatforms) = postSolution
		{A19C1EEB-613D-4732-889C-7A685728BF01}.Debug|Any CPU.ActiveCfg = Debug|Any CPU
		{A19C1EEB-613D-4732-889C-7A685728BF01}.Debug|Any CPU.Build.0 = Debug|Any CPU
		{A19C1EEB-613D-4732-889C-7A685728BF01}.Release|Any CPU.ActiveCfg = Release|Any CPU
		{A19C1EEB-613D-4732-889C-7A685728BF01}.Release|Any CPU.Build.0 = Release|Any CPU
		{60BA4900-4E72-4417-B633-D173468A3DFA}.Debug|Any CPU.ActiveCfg = Debug|Any CPU
		{60BA4900-4E72-4417-B633-D173468A3DFA}.Debug|Any CPU.Build.0 = Debug|Any CPU
		{60BA4900-4E72-4417-B633-D173468A3DFA}.Release|Any CPU.ActiveCfg = Release|Any CPU
		{60BA4900-4E72-4417-B633-D173468A3DFA}.Release|Any CPU.Build.0 = Release|Any CPU
		{B4F33662-EFE9-46BB-AB02-8E1E549D1308}.Debug|Any CPU.ActiveCfg = Debug|Any CPU
		{B4F33662-EFE9-46BB-AB02-8E1E549D1308}.Debug|Any CPU.Build.0 = Debug|Any CPU
		{B4F33662-EFE9-46BB-AB02-8E1E549D1308}.Release|Any CPU.ActiveCfg = Release|Any CPU
		{B4F33662-EFE9-46BB-AB02-8E1E549D1308}.Release|Any CPU.Build.0 = Release|Any CPU
	EndGlobalSection
	GlobalSection(SolutionProperties) = preSolution
		HideSolutionNode = FALSE
	EndGlobalSection
EndGlobal
